lockfileVersion: 5.4

specifiers:
  '@aws-sdk/client-lambda': ^3.382.0
  '@types/node': ^20.4.5
  aws-cdk: 2.89.0
  aws-cdk-lib: 2.89.0
  constructs: ^10.0.0
  esbuild: ^0.18.17
  source-map-support: ^0.5.21
  ts-node: ^10.9.1
  typescript: ~5.1.6

dependencies:
  '@aws-sdk/client-lambda': 3.382.0
  source-map-support: 0.5.21

devDependencies:
  '@types/node': 20.4.5
  aws-cdk: 2.89.0
  aws-cdk-lib: 2.89.0_constructs@10.2.69
  constructs: 10.2.69
  esbuild: 0.18.17
  ts-node: 10.9.1_bir6x3g64ycygfv3l4v3letmxi
  typescript: 5.1.6

packages:

  /@aws-cdk/asset-awscli-v1/2.2.200:
    resolution: {integrity: sha512-Kf5J8DfJK4wZFWT2Myca0lhwke7LwHcHBo+4TvWOGJrFVVKVuuiLCkzPPRBQQVDj0Vtn2NBokZAz8pfMpAqAKg==}
    dev: true

  /@aws-cdk/asset-kubectl-v20/2.1.2:
    resolution: {integrity: sha512-3M2tELJOxQv0apCIiuKQ4pAbncz9GuLwnKFqxifWfe77wuMxyTRPmxssYHs42ePqzap1LT6GDcPygGs+hHstLg==}
    dev: true

  /@aws-cdk/asset-node-proxy-agent-v5/2.0.166:
    resolution: {integrity: sha512-j0xnccpUQHXJKPgCwQcGGNu4lRiC1PptYfdxBIH1L4dRK91iBxtSQHESRQX+yB47oGLaF/WfNN/aF3WXwlhikg==}
    dev: true

  /@aws-crypto/crc32/3.0.0:
    resolution: {integrity: sha512-IzSgsrxUcsrejQbPVilIKy16kAT52EwB6zSaI+M3xxIhKh5+aldEyvI+z6erM7TCLB2BJsFrtHjp6/4/sr+3dA==}
    dependencies:
      '@aws-crypto/util': 3.0.0
      '@aws-sdk/types': 3.378.0
      tslib: 1.14.1
    dev: false

  /@aws-crypto/ie11-detection/3.0.0:
    resolution: {integrity: sha512-341lBBkiY1DfDNKai/wXM3aujNBkXR7tq1URPQDL9wi3AUbI80NR74uF1TXHMm7po1AcnFk8iu2S2IeU/+/A+Q==}
    dependencies:
      tslib: 1.14.1
    dev: false

  /@aws-crypto/sha256-browser/3.0.0:
    resolution: {integrity: sha512-8VLmW2B+gjFbU5uMeqtQM6Nj0/F1bro80xQXCW6CQBWgosFWXTx77aeOF5CAIAmbOK64SdMBJdNr6J41yP5mvQ==}
    dependencies:
      '@aws-crypto/ie11-detection': 3.0.0
      '@aws-crypto/sha256-js': 3.0.0
      '@aws-crypto/supports-web-crypto': 3.0.0
      '@aws-crypto/util': 3.0.0
      '@aws-sdk/types': 3.378.0
      '@aws-sdk/util-locate-window': 3.310.0
      '@aws-sdk/util-utf8-browser': 3.259.0
      tslib: 1.14.1
    dev: false

  /@aws-crypto/sha256-js/3.0.0:
    resolution: {integrity: sha512-PnNN7os0+yd1XvXAy23CFOmTbMaDxgxXtTKHybrJ39Y8kGzBATgBFibWJKH6BhytLI/Zyszs87xCOBNyBig6vQ==}
    dependencies:
      '@aws-crypto/util': 3.0.0
      '@aws-sdk/types': 3.378.0
      tslib: 1.14.1
    dev: false

  /@aws-crypto/supports-web-crypto/3.0.0:
    resolution: {integrity: sha512-06hBdMwUAb2WFTuGG73LSC0wfPu93xWwo5vL2et9eymgmu3Id5vFAHBbajVWiGhPO37qcsdCap/FqXvJGJWPIg==}
    dependencies:
      tslib: 1.14.1
    dev: false

  /@aws-crypto/util/3.0.0:
    resolution: {integrity: sha512-2OJlpeJpCR48CC8r+uKVChzs9Iungj9wkZrl8Z041DWEWvyIHILYKCPNzJghKsivj+S3mLo6BVc7mBNzdxA46w==}
    dependencies:
      '@aws-sdk/types': 3.378.0
      '@aws-sdk/util-utf8-browser': 3.259.0
      tslib: 1.14.1
    dev: false

  /@aws-sdk/client-lambda/3.382.0:
    resolution: {integrity: sha512-g/JcxMk0ntJYe8xIpcKNQ12yPbYM2H1bB0xmVs0BsEdAnnKEwmQc1+Sau2gz8BY9vVEyUodDxnDi0hW0qBBKBg==}
    engines: {node: '>=14.0.0'}
    dependencies:
      '@aws-crypto/sha256-browser': 3.0.0
      '@aws-crypto/sha256-js': 3.0.0
      '@aws-sdk/client-sts': 3.382.0
      '@aws-sdk/credential-provider-node': 3.382.0
      '@aws-sdk/middleware-host-header': 3.379.1
      '@aws-sdk/middleware-logger': 3.378.0
      '@aws-sdk/middleware-recursion-detection': 3.378.0
      '@aws-sdk/middleware-signing': 3.379.1
      '@aws-sdk/middleware-user-agent': 3.382.0
      '@aws-sdk/types': 3.378.0
      '@aws-sdk/util-endpoints': 3.382.0
      '@aws-sdk/util-user-agent-browser': 3.378.0
      '@aws-sdk/util-user-agent-node': 3.378.0
      '@smithy/config-resolver': 2.0.1
      '@smithy/eventstream-serde-browser': 2.0.1
      '@smithy/eventstream-serde-config-resolver': 2.0.1
      '@smithy/eventstream-serde-node': 2.0.1
      '@smithy/fetch-http-handler': 2.0.1
      '@smithy/hash-node': 2.0.1
      '@smithy/invalid-dependency': 2.0.1
      '@smithy/middleware-content-length': 2.0.1
      '@smithy/middleware-endpoint': 2.0.1
      '@smithy/middleware-retry': 2.0.1
      '@smithy/middleware-serde': 2.0.1
      '@smithy/middleware-stack': 2.0.0
      '@smithy/node-config-provider': 2.0.1
      '@smithy/node-http-handler': 2.0.1
      '@smithy/protocol-http': 2.0.1
      '@smithy/smithy-client': 2.0.1
      '@smithy/types': 2.0.2
      '@smithy/url-parser': 2.0.1
      '@smithy/util-base64': 2.0.0
      '@smithy/util-body-length-browser': 2.0.0
      '@smithy/util-body-length-node': 2.0.0
      '@smithy/util-defaults-mode-browser': 2.0.1
      '@smithy/util-defaults-mode-node': 2.0.1
      '@smithy/util-retry': 2.0.0
      '@smithy/util-stream': 2.0.1
      '@smithy/util-utf8': 2.0.0
      '@smithy/util-waiter': 2.0.1
      tslib: 2.6.1
    transitivePeerDependencies:
      - aws-crt
    dev: false

  /@aws-sdk/client-sso-oidc/3.382.0:
    resolution: {integrity: sha512-hTfvB1ftbrqaz7qiEkmRobzUQwG34oZlByobn8Frdr5ZQbJk969bX6evQAPyKlJEr26+kL9TnaX+rbLR/+gwHQ==}
    engines: {node: '>=14.0.0'}
    dependencies:
      '@aws-crypto/sha256-browser': 3.0.0
      '@aws-crypto/sha256-js': 3.0.0
      '@aws-sdk/middleware-host-header': 3.379.1
      '@aws-sdk/middleware-logger': 3.378.0
      '@aws-sdk/middleware-recursion-detection': 3.378.0
      '@aws-sdk/middleware-user-agent': 3.382.0
      '@aws-sdk/types': 3.378.0
      '@aws-sdk/util-endpoints': 3.382.0
      '@aws-sdk/util-user-agent-browser': 3.378.0
      '@aws-sdk/util-user-agent-node': 3.378.0
      '@smithy/config-resolver': 2.0.1
      '@smithy/fetch-http-handler': 2.0.1
      '@smithy/hash-node': 2.0.1
      '@smithy/invalid-dependency': 2.0.1
      '@smithy/middleware-content-length': 2.0.1
      '@smithy/middleware-endpoint': 2.0.1
      '@smithy/middleware-retry': 2.0.1
      '@smithy/middleware-serde': 2.0.1
      '@smithy/middleware-stack': 2.0.0
      '@smithy/node-config-provider': 2.0.1
      '@smithy/node-http-handler': 2.0.1
      '@smithy/protocol-http': 2.0.1
      '@smithy/smithy-client': 2.0.1
      '@smithy/types': 2.0.2
      '@smithy/url-parser': 2.0.1
      '@smithy/util-base64': 2.0.0
      '@smithy/util-body-length-browser': 2.0.0
      '@smithy/util-body-length-node': 2.0.0
      '@smithy/util-defaults-mode-browser': 2.0.1
      '@smithy/util-defaults-mode-node': 2.0.1
      '@smithy/util-retry': 2.0.0
      '@smithy/util-utf8': 2.0.0
      tslib: 2.6.1
    transitivePeerDependencies:
      - aws-crt
    dev: false

  /@aws-sdk/client-sso/3.382.0:
    resolution: {integrity: sha512-ge11t4hJllOF8pBNF0p1X52lLqUsLGAoey24fvk3fyvvczeLpegGYh2kdLG0iwFTDgRxaUqK+kboH5Wy9ux/pw==}
    engines: {node: '>=14.0.0'}
    dependencies:
      '@aws-crypto/sha256-browser': 3.0.0
      '@aws-crypto/sha256-js': 3.0.0
      '@aws-sdk/middleware-host-header': 3.379.1
      '@aws-sdk/middleware-logger': 3.378.0
      '@aws-sdk/middleware-recursion-detection': 3.378.0
      '@aws-sdk/middleware-user-agent': 3.382.0
      '@aws-sdk/types': 3.378.0
      '@aws-sdk/util-endpoints': 3.382.0
      '@aws-sdk/util-user-agent-browser': 3.378.0
      '@aws-sdk/util-user-agent-node': 3.378.0
      '@smithy/config-resolver': 2.0.1
      '@smithy/fetch-http-handler': 2.0.1
      '@smithy/hash-node': 2.0.1
      '@smithy/invalid-dependency': 2.0.1
      '@smithy/middleware-content-length': 2.0.1
      '@smithy/middleware-endpoint': 2.0.1
      '@smithy/middleware-retry': 2.0.1
      '@smithy/middleware-serde': 2.0.1
      '@smithy/middleware-stack': 2.0.0
      '@smithy/node-config-provider': 2.0.1
      '@smithy/node-http-handler': 2.0.1
      '@smithy/protocol-http': 2.0.1
      '@smithy/smithy-client': 2.0.1
      '@smithy/types': 2.0.2
      '@smithy/url-parser': 2.0.1
      '@smithy/util-base64': 2.0.0
      '@smithy/util-body-length-browser': 2.0.0
      '@smithy/util-body-length-node': 2.0.0
      '@smithy/util-defaults-mode-browser': 2.0.1
      '@smithy/util-defaults-mode-node': 2.0.1
      '@smithy/util-retry': 2.0.0
      '@smithy/util-utf8': 2.0.0
      tslib: 2.6.1
    transitivePeerDependencies:
      - aws-crt
    dev: false

  /@aws-sdk/client-sts/3.382.0:
    resolution: {integrity: sha512-G5wgahrOqmrljjyLVGASIZUXIIdalbCo0z4PuFHdb2R2CVfwO8renfgrmk4brT9tIxIfen5bRA7ftXMe7yrgRA==}
    engines: {node: '>=14.0.0'}
    dependencies:
      '@aws-crypto/sha256-browser': 3.0.0
      '@aws-crypto/sha256-js': 3.0.0
      '@aws-sdk/credential-provider-node': 3.382.0
      '@aws-sdk/middleware-host-header': 3.379.1
      '@aws-sdk/middleware-logger': 3.378.0
      '@aws-sdk/middleware-recursion-detection': 3.378.0
      '@aws-sdk/middleware-sdk-sts': 3.379.1
      '@aws-sdk/middleware-signing': 3.379.1
      '@aws-sdk/middleware-user-agent': 3.382.0
      '@aws-sdk/types': 3.378.0
      '@aws-sdk/util-endpoints': 3.382.0
      '@aws-sdk/util-user-agent-browser': 3.378.0
      '@aws-sdk/util-user-agent-node': 3.378.0
      '@smithy/config-resolver': 2.0.1
      '@smithy/fetch-http-handler': 2.0.1
      '@smithy/hash-node': 2.0.1
      '@smithy/invalid-dependency': 2.0.1
      '@smithy/middleware-content-length': 2.0.1
      '@smithy/middleware-endpoint': 2.0.1
      '@smithy/middleware-retry': 2.0.1
      '@smithy/middleware-serde': 2.0.1
      '@smithy/middleware-stack': 2.0.0
      '@smithy/node-config-provider': 2.0.1
      '@smithy/node-http-handler': 2.0.1
      '@smithy/protocol-http': 2.0.1
      '@smithy/smithy-client': 2.0.1
      '@smithy/types': 2.0.2
      '@smithy/url-parser': 2.0.1
      '@smithy/util-base64': 2.0.0
      '@smithy/util-body-length-browser': 2.0.0
      '@smithy/util-body-length-node': 2.0.0
      '@smithy/util-defaults-mode-browser': 2.0.1
      '@smithy/util-defaults-mode-node': 2.0.1
      '@smithy/util-retry': 2.0.0
      '@smithy/util-utf8': 2.0.0
      fast-xml-parser: 4.2.5
      tslib: 2.6.1
    transitivePeerDependencies:
      - aws-crt
    dev: false

  /@aws-sdk/credential-provider-env/3.378.0:
    resolution: {integrity: sha512-B2OVdO9kBClDwGgWTBLAQwFV8qYTYGyVujg++1FZFSFMt8ORFdZ5fNpErvJtiSjYiOOQMzyBeSNhKyYNXCiJjQ==}
    engines: {node: '>=14.0.0'}
    dependencies:
      '@aws-sdk/types': 3.378.0
      '@smithy/property-provider': 2.0.1
      '@smithy/types': 2.0.2
      tslib: 2.6.1
    dev: false

  /@aws-sdk/credential-provider-ini/3.382.0:
    resolution: {integrity: sha512-31pi44WWri2WQmagqptUv7x3Nq8pQ6H06OCQx5goEm77SosSdwQwyBPrS9Pg0yI9aljFAxF+rZ75degsCorbQg==}
    engines: {node: '>=14.0.0'}
    dependencies:
      '@aws-sdk/credential-provider-env': 3.378.0
      '@aws-sdk/credential-provider-process': 3.378.0
      '@aws-sdk/credential-provider-sso': 3.382.0
      '@aws-sdk/credential-provider-web-identity': 3.378.0
      '@aws-sdk/types': 3.378.0
      '@smithy/credential-provider-imds': 2.0.1
      '@smithy/property-provider': 2.0.1
      '@smithy/shared-ini-file-loader': 2.0.1
      '@smithy/types': 2.0.2
      tslib: 2.6.1
    transitivePeerDependencies:
      - aws-crt
    dev: false

  /@aws-sdk/credential-provider-node/3.382.0:
    resolution: {integrity: sha512-q6AWCCb0E0cH/Y5Dtln0QssbCBXDbV4PoTV3EdRuGoJcHyNfHJ8X0mqcc7k44wG4Piazu+ufZThvn43W7W9a4g==}
    engines: {node: '>=14.0.0'}
    dependencies:
      '@aws-sdk/credential-provider-env': 3.378.0
      '@aws-sdk/credential-provider-ini': 3.382.0
      '@aws-sdk/credential-provider-process': 3.378.0
      '@aws-sdk/credential-provider-sso': 3.382.0
      '@aws-sdk/credential-provider-web-identity': 3.378.0
      '@aws-sdk/types': 3.378.0
      '@smithy/credential-provider-imds': 2.0.1
      '@smithy/property-provider': 2.0.1
      '@smithy/shared-ini-file-loader': 2.0.1
      '@smithy/types': 2.0.2
      tslib: 2.6.1
    transitivePeerDependencies:
      - aws-crt
    dev: false

  /@aws-sdk/credential-provider-process/3.378.0:
    resolution: {integrity: sha512-KFTIy7u+wXj3eDua4rgS0tODzMnXtXhAm1RxzCW9FL5JLBBrd82ymCj1Dp72217Sw5Do6NjCnDTTNkCHZMA77w==}
    engines: {node: '>=14.0.0'}
    dependencies:
      '@aws-sdk/types': 3.378.0
      '@smithy/property-provider': 2.0.1
      '@smithy/shared-ini-file-loader': 2.0.1
      '@smithy/types': 2.0.2
      tslib: 2.6.1
    dev: false

  /@aws-sdk/credential-provider-sso/3.382.0:
    resolution: {integrity: sha512-tKCQKqxnAHeRD7pQNmDmLWwC7pt5koo6yiQTVQ382U+8xx7BNsApE1zdC4LrtrVN1FYqVbw5kXjYFtSCtaUxGA==}
    engines: {node: '>=14.0.0'}
    dependencies:
      '@aws-sdk/client-sso': 3.382.0
      '@aws-sdk/token-providers': 3.382.0
      '@aws-sdk/types': 3.378.0
      '@smithy/property-provider': 2.0.1
      '@smithy/shared-ini-file-loader': 2.0.1
      '@smithy/types': 2.0.2
      tslib: 2.6.1
    transitivePeerDependencies:
      - aws-crt
    dev: false

  /@aws-sdk/credential-provider-web-identity/3.378.0:
    resolution: {integrity: sha512-GWjydOszhc4xDF8xuPtBvboglXQr0gwCW1oHAvmLcOT38+Hd6qnKywnMSeoXYRPgoKfF9TkWQgW1jxplzCG0UA==}
    engines: {node: '>=14.0.0'}
    dependencies:
      '@aws-sdk/types': 3.378.0
      '@smithy/property-provider': 2.0.1
      '@smithy/types': 2.0.2
      tslib: 2.6.1
    dev: false

  /@aws-sdk/middleware-host-header/3.379.1:
    resolution: {integrity: sha512-LI4KpAFWNWVr2aH2vRVblr0Y8tvDz23lj8LOmbDmCrzd5M21nxuocI/8nEAQj55LiTIf9Zs+dHCdsyegnFXdrA==}
    engines: {node: '>=14.0.0'}
    dependencies:
      '@aws-sdk/types': 3.378.0
      '@smithy/protocol-http': 2.0.1
      '@smithy/types': 2.0.2
      tslib: 2.6.1
    dev: false

  /@aws-sdk/middleware-logger/3.378.0:
    resolution: {integrity: sha512-l1DyaDLm3KeBMNMuANI3scWh8Xvu248x+vw6Z7ExWOhGXFmQ1MW7YvASg/SdxWkhlF9HmkkTif1LdMB22x6QDA==}
    engines: {node: '>=14.0.0'}
    dependencies:
      '@aws-sdk/types': 3.378.0
      '@smithy/types': 2.0.2
      tslib: 2.6.1
    dev: false

  /@aws-sdk/middleware-recursion-detection/3.378.0:
    resolution: {integrity: sha512-mUMfHAz0oGNIWiTZHTVJb+I515Hqs2zx1j36Le4MMiiaMkPW1SRUF1FIwGuc1wh6E8jB5q+XfEMriDjRi4TZRA==}
    engines: {node: '>=14.0.0'}
    dependencies:
      '@aws-sdk/types': 3.378.0
      '@smithy/protocol-http': 2.0.1
      '@smithy/types': 2.0.2
      tslib: 2.6.1
    dev: false

  /@aws-sdk/middleware-sdk-sts/3.379.1:
    resolution: {integrity: sha512-SK3gSyT0XbLiY12+AjLFYL9YngxOXHnZF3Z33Cdd4a+AUYrVBV7JBEEGD1Nlwrcmko+3XgaKlmgUaR5s91MYvg==}
    engines: {node: '>=14.0.0'}
    dependencies:
      '@aws-sdk/middleware-signing': 3.379.1
      '@aws-sdk/types': 3.378.0
      '@smithy/types': 2.0.2
      tslib: 2.6.1
    dev: false

  /@aws-sdk/middleware-signing/3.379.1:
    resolution: {integrity: sha512-kBk2ZUvR84EM4fICjr8K+Ykpf8SI1UzzPp2/UVYZ0X+4H/ZCjfSqohGRwHykMqeplne9qHSL7/rGJs1H3l3gPg==}
    engines: {node: '>=14.0.0'}
    dependencies:
      '@aws-sdk/types': 3.378.0
      '@smithy/property-provider': 2.0.1
      '@smithy/protocol-http': 2.0.1
      '@smithy/signature-v4': 2.0.1
      '@smithy/types': 2.0.2
      '@smithy/util-middleware': 2.0.0
      tslib: 2.6.1
    dev: false

  /@aws-sdk/middleware-user-agent/3.382.0:
    resolution: {integrity: sha512-LFRW1jmXOrOAd3911ktn6oaYmuurNnulbdRMOUdwz99GGdLVFipQhOi9idKswb8IOhPa4jEVQt25Kcv7ctvu0A==}
    engines: {node: '>=14.0.0'}
    dependencies:
      '@aws-sdk/types': 3.378.0
      '@aws-sdk/util-endpoints': 3.382.0
      '@smithy/protocol-http': 2.0.1
      '@smithy/types': 2.0.2
      tslib: 2.6.1
    dev: false

  /@aws-sdk/token-providers/3.382.0:
    resolution: {integrity: sha512-axn4IyPpHdkXi8G06KCB3tPz79DipZFFH9N9YVDpLMnDYTdfX36HGdYzINaQc+z+XPbEpa1ZpoIzWScHRjFjdg==}
    engines: {node: '>=14.0.0'}
    dependencies:
      '@aws-sdk/client-sso-oidc': 3.382.0
      '@aws-sdk/types': 3.378.0
      '@smithy/property-provider': 2.0.1
      '@smithy/shared-ini-file-loader': 2.0.1
      '@smithy/types': 2.0.2
      tslib: 2.6.1
    transitivePeerDependencies:
      - aws-crt
    dev: false

  /@aws-sdk/types/3.378.0:
    resolution: {integrity: sha512-qP0CvR/ItgktmN8YXpGQglzzR/6s0nrsQ4zIfx3HMwpsBTwuouYahcCtF1Vr82P4NFcoDA412EJahJ2pIqEd+w==}
    engines: {node: '>=14.0.0'}
    dependencies:
      '@smithy/types': 2.0.2
      tslib: 2.6.1
    dev: false

  /@aws-sdk/util-endpoints/3.382.0:
    resolution: {integrity: sha512-flajPyjmjNG67fXk7l4GoTB/7J11VBqtFZXuuAZKhKU07Ia3IQupsFqNf5lV8D44ZgjnKH0fTGnv3dUALjW7Wg==}
    engines: {node: '>=14.0.0'}
    dependencies:
      '@aws-sdk/types': 3.378.0
      tslib: 2.6.1
    dev: false

  /@aws-sdk/util-locate-window/3.310.0:
    resolution: {integrity: sha512-qo2t/vBTnoXpjKxlsC2e1gBrRm80M3bId27r0BRB2VniSSe7bL1mmzM+/HFtujm0iAxtPM+aLEflLJlJeDPg0w==}
    engines: {node: '>=14.0.0'}
    dependencies:
      tslib: 2.6.1
    dev: false

  /@aws-sdk/util-user-agent-browser/3.378.0:
    resolution: {integrity: sha512-FSCpagzftK1W+m7Ar6lpX7/Gr9y5P56nhFYz8U4EYQ4PkufS6czWX9YW+/FA5OYV0vlQ/SvPqMnzoHIPUNhZrQ==}
    dependencies:
      '@aws-sdk/types': 3.378.0
      '@smithy/types': 2.0.2
      bowser: 2.11.0
      tslib: 2.6.1
    dev: false

  /@aws-sdk/util-user-agent-node/3.378.0:
    resolution: {integrity: sha512-IdwVJV0E96MkJeFte4dlWqvB+oiqCiZ5lOlheY3W9NynTuuX0GGYNC8Y9yIsV8Oava1+ujpJq0ww6qXdYxmO4A==}
    engines: {node: '>=14.0.0'}
    peerDependencies:
      aws-crt: '>=1.0.0'
    peerDependenciesMeta:
      aws-crt:
        optional: true
    dependencies:
      '@aws-sdk/types': 3.378.0
      '@smithy/node-config-provider': 2.0.1
      '@smithy/types': 2.0.2
      tslib: 2.6.1
    dev: false

  /@aws-sdk/util-utf8-browser/3.259.0:
    resolution: {integrity: sha512-UvFa/vR+e19XookZF8RzFZBrw2EUkQWxiBW0yYQAhvk3C+QVGl0H3ouca8LDBlBfQKXwmW3huo/59H8rwb1wJw==}
    dependencies:
      tslib: 2.6.1
    dev: false

  /@cspotcode/source-map-support/0.8.1:
    resolution: {integrity: sha512-IchNf6dN4tHoMFIn/7OE8LWZ19Y6q/67Bmf6vnGREv8RSbBVb9LPJxEcnwrcwX6ixSvaiGoomAUvu4YSxXrVgw==}
    engines: {node: '>=12'}
    dependencies:
      '@jridgewell/trace-mapping': 0.3.9
    dev: true

  /@esbuild/android-arm/0.18.17:
    resolution: {integrity: sha512-wHsmJG/dnL3OkpAcwbgoBTTMHVi4Uyou3F5mf58ZtmUyIKfcdA7TROav/6tCzET4A3QW2Q2FC+eFneMU+iyOxg==}
    engines: {node: '>=12'}
    cpu: [arm]
    os: [android]
    requiresBuild: true
    dev: true
    optional: true

  /@esbuild/android-arm64/0.18.17:
    resolution: {integrity: sha512-9np+YYdNDed5+Jgr1TdWBsozZ85U1Oa3xW0c7TWqH0y2aGghXtZsuT8nYRbzOMcl0bXZXjOGbksoTtVOlWrRZg==}
    engines: {node: '>=12'}
    cpu: [arm64]
    os: [android]
    requiresBuild: true
    dev: true
    optional: true

  /@esbuild/android-x64/0.18.17:
    resolution: {integrity: sha512-O+FeWB/+xya0aLg23hHEM2E3hbfwZzjqumKMSIqcHbNvDa+dza2D0yLuymRBQQnC34CWrsJUXyH2MG5VnLd6uw==}
    engines: {node: '>=12'}
    cpu: [x64]
    os: [android]
    requiresBuild: true
    dev: true
    optional: true

  /@esbuild/darwin-arm64/0.18.17:
    resolution: {integrity: sha512-M9uJ9VSB1oli2BE/dJs3zVr9kcCBBsE883prage1NWz6pBS++1oNn/7soPNS3+1DGj0FrkSvnED4Bmlu1VAE9g==}
    engines: {node: '>=12'}
    cpu: [arm64]
    os: [darwin]
    requiresBuild: true
    dev: true
    optional: true

  /@esbuild/darwin-x64/0.18.17:
    resolution: {integrity: sha512-XDre+J5YeIJDMfp3n0279DFNrGCXlxOuGsWIkRb1NThMZ0BsrWXoTg23Jer7fEXQ9Ye5QjrvXpxnhzl3bHtk0g==}
    engines: {node: '>=12'}
    cpu: [x64]
    os: [darwin]
    requiresBuild: true
    dev: true
    optional: true

  /@esbuild/freebsd-arm64/0.18.17:
    resolution: {integrity: sha512-cjTzGa3QlNfERa0+ptykyxs5A6FEUQQF0MuilYXYBGdBxD3vxJcKnzDlhDCa1VAJCmAxed6mYhA2KaJIbtiNuQ==}
    engines: {node: '>=12'}
    cpu: [arm64]
    os: [freebsd]
    requiresBuild: true
    dev: true
    optional: true

  /@esbuild/freebsd-x64/0.18.17:
    resolution: {integrity: sha512-sOxEvR8d7V7Kw8QqzxWc7bFfnWnGdaFBut1dRUYtu+EIRXefBc/eIsiUiShnW0hM3FmQ5Zf27suDuHsKgZ5QrA==}
    engines: {node: '>=12'}
    cpu: [x64]
    os: [freebsd]
    requiresBuild: true
    dev: true
    optional: true

  /@esbuild/linux-arm/0.18.17:
    resolution: {integrity: sha512-2d3Lw6wkwgSLC2fIvXKoMNGVaeY8qdN0IC3rfuVxJp89CRfA3e3VqWifGDfuakPmp90+ZirmTfye1n4ncjv2lg==}
    engines: {node: '>=12'}
    cpu: [arm]
    os: [linux]
    requiresBuild: true
    dev: true
    optional: true

  /@esbuild/linux-arm64/0.18.17:
    resolution: {integrity: sha512-c9w3tE7qA3CYWjT+M3BMbwMt+0JYOp3vCMKgVBrCl1nwjAlOMYzEo+gG7QaZ9AtqZFj5MbUc885wuBBmu6aADQ==}
    engines: {node: '>=12'}
    cpu: [arm64]
    os: [linux]
    requiresBuild: true
    dev: true
    optional: true

  /@esbuild/linux-ia32/0.18.17:
    resolution: {integrity: sha512-1DS9F966pn5pPnqXYz16dQqWIB0dmDfAQZd6jSSpiT9eX1NzKh07J6VKR3AoXXXEk6CqZMojiVDSZi1SlmKVdg==}
    engines: {node: '>=12'}
    cpu: [ia32]
    os: [linux]
    requiresBuild: true
    dev: true
    optional: true

  /@esbuild/linux-loong64/0.18.17:
    resolution: {integrity: sha512-EvLsxCk6ZF0fpCB6w6eOI2Fc8KW5N6sHlIovNe8uOFObL2O+Mr0bflPHyHwLT6rwMg9r77WOAWb2FqCQrVnwFg==}
    engines: {node: '>=12'}
    cpu: [loong64]
    os: [linux]
    requiresBuild: true
    dev: true
    optional: true

  /@esbuild/linux-mips64el/0.18.17:
    resolution: {integrity: sha512-e0bIdHA5p6l+lwqTE36NAW5hHtw2tNRmHlGBygZC14QObsA3bD4C6sXLJjvnDIjSKhW1/0S3eDy+QmX/uZWEYQ==}
    engines: {node: '>=12'}
    cpu: [mips64el]
    os: [linux]
    requiresBuild: true
    dev: true
    optional: true

  /@esbuild/linux-ppc64/0.18.17:
    resolution: {integrity: sha512-BAAilJ0M5O2uMxHYGjFKn4nJKF6fNCdP1E0o5t5fvMYYzeIqy2JdAP88Az5LHt9qBoUa4tDaRpfWt21ep5/WqQ==}
    engines: {node: '>=12'}
    cpu: [ppc64]
    os: [linux]
    requiresBuild: true
    dev: true
    optional: true

  /@esbuild/linux-riscv64/0.18.17:
    resolution: {integrity: sha512-Wh/HW2MPnC3b8BqRSIme/9Zhab36PPH+3zam5pqGRH4pE+4xTrVLx2+XdGp6fVS3L2x+DrsIcsbMleex8fbE6g==}
    engines: {node: '>=12'}
    cpu: [riscv64]
    os: [linux]
    requiresBuild: true
    dev: true
    optional: true

  /@esbuild/linux-s390x/0.18.17:
    resolution: {integrity: sha512-j/34jAl3ul3PNcK3pfI0NSlBANduT2UO5kZ7FCaK33XFv3chDhICLY8wJJWIhiQ+YNdQ9dxqQctRg2bvrMlYgg==}
    engines: {node: '>=12'}
    cpu: [s390x]
    os: [linux]
    requiresBuild: true
    dev: true
    optional: true

  /@esbuild/linux-x64/0.18.17:
    resolution: {integrity: sha512-QM50vJ/y+8I60qEmFxMoxIx4de03pGo2HwxdBeFd4nMh364X6TIBZ6VQ5UQmPbQWUVWHWws5MmJXlHAXvJEmpQ==}
    engines: {node: '>=12'}
    cpu: [x64]
    os: [linux]
    requiresBuild: true
    dev: true
    optional: true

  /@esbuild/netbsd-x64/0.18.17:
    resolution: {integrity: sha512-/jGlhWR7Sj9JPZHzXyyMZ1RFMkNPjC6QIAan0sDOtIo2TYk3tZn5UDrkE0XgsTQCxWTTOcMPf9p6Rh2hXtl5TQ==}
    engines: {node: '>=12'}
    cpu: [x64]
    os: [netbsd]
    requiresBuild: true
    dev: true
    optional: true

  /@esbuild/openbsd-x64/0.18.17:
    resolution: {integrity: sha512-rSEeYaGgyGGf4qZM2NonMhMOP/5EHp4u9ehFiBrg7stH6BYEEjlkVREuDEcQ0LfIl53OXLxNbfuIj7mr5m29TA==}
    engines: {node: '>=12'}
    cpu: [x64]
    os: [openbsd]
    requiresBuild: true
    dev: true
    optional: true

  /@esbuild/sunos-x64/0.18.17:
    resolution: {integrity: sha512-Y7ZBbkLqlSgn4+zot4KUNYst0bFoO68tRgI6mY2FIM+b7ZbyNVtNbDP5y8qlu4/knZZ73fgJDlXID+ohY5zt5g==}
    engines: {node: '>=12'}
    cpu: [x64]
    os: [sunos]
    requiresBuild: true
    dev: true
    optional: true

  /@esbuild/win32-arm64/0.18.17:
    resolution: {integrity: sha512-bwPmTJsEQcbZk26oYpc4c/8PvTY3J5/QK8jM19DVlEsAB41M39aWovWoHtNm78sd6ip6prilxeHosPADXtEJFw==}
    engines: {node: '>=12'}
    cpu: [arm64]
    os: [win32]
    requiresBuild: true
    dev: true
    optional: true

  /@esbuild/win32-ia32/0.18.17:
    resolution: {integrity: sha512-H/XaPtPKli2MhW+3CQueo6Ni3Avggi6hP/YvgkEe1aSaxw+AeO8MFjq8DlgfTd9Iz4Yih3QCZI6YLMoyccnPRg==}
    engines: {node: '>=12'}
    cpu: [ia32]
    os: [win32]
    requiresBuild: true
    dev: true
    optional: true

  /@esbuild/win32-x64/0.18.17:
    resolution: {integrity: sha512-fGEb8f2BSA3CW7riJVurug65ACLuQAzKq0SSqkY2b2yHHH0MzDfbLyKIGzHwOI/gkHcxM/leuSW6D5w/LMNitA==}
    engines: {node: '>=12'}
    cpu: [x64]
    os: [win32]
    requiresBuild: true
    dev: true
    optional: true

  /@jridgewell/resolve-uri/3.1.1:
    resolution: {integrity: sha512-dSYZh7HhCDtCKm4QakX0xFpsRDqjjtZf/kjI/v3T3Nwt5r8/qz/M19F9ySyOqU94SXBmeG9ttTul+YnR4LOxFA==}
    engines: {node: '>=6.0.0'}
    dev: true

  /@jridgewell/sourcemap-codec/1.4.15:
    resolution: {integrity: sha512-eF2rxCRulEKXHTRiDrDy6erMYWqNw4LPdQ8UQA4huuxaQsVeRPFl2oM8oDGxMFhJUWZf9McpLtJasDDZb/Bpeg==}
    dev: true

  /@jridgewell/trace-mapping/0.3.9:
    resolution: {integrity: sha512-3Belt6tdc8bPgAtbcmdtNJlirVoTmEb5e2gC94PnkwEW9jI6CAHUeoG85tjWP5WquqfavoMtMwiG4P926ZKKuQ==}
    dependencies:
      '@jridgewell/resolve-uri': 3.1.1
      '@jridgewell/sourcemap-codec': 1.4.15
    dev: true

  /@smithy/abort-controller/2.0.1:
    resolution: {integrity: sha512-0s7XjIbsTwZyUW9OwXQ8J6x1UiA1TNCh60Vaw56nHahL7kUZsLhmTlWiaxfLkFtO2Utkj8YewcpHTYpxaTzO+w==}
    engines: {node: '>=14.0.0'}
    dependencies:
      '@smithy/types': 2.0.2
      tslib: 2.6.1
    dev: false

  /@smithy/config-resolver/2.0.1:
    resolution: {integrity: sha512-l83Pm7hV+8CBQOCmBRopWDtF+CURUJol7NsuPYvimiDhkC2F8Ba9T1imSFE+pD1UIJ9jlsDPAnZfPJT5cjnuEw==}
    engines: {node: '>=14.0.0'}
    dependencies:
      '@smithy/types': 2.0.2
      '@smithy/util-config-provider': 2.0.0
      '@smithy/util-middleware': 2.0.0
      tslib: 2.6.1
    dev: false

  /@smithy/credential-provider-imds/2.0.1:
    resolution: {integrity: sha512-8VxriuRINNEfVZjEFKBY75y9ZWAx73DZ5K/u+3LmB6r8WR2h3NaFxFKMlwlq0uzNdGhD1ouKBn9XWEGYHKiPLw==}
    engines: {node: '>=14.0.0'}
    dependencies:
      '@smithy/node-config-provider': 2.0.1
      '@smithy/property-provider': 2.0.1
      '@smithy/types': 2.0.2
      '@smithy/url-parser': 2.0.1
      tslib: 2.6.1
    dev: false

  /@smithy/eventstream-codec/2.0.1:
    resolution: {integrity: sha512-/IiNB7gQM2y2ZC/GAWOWDa8+iXfhr1g9Xe5979cQEOdCWDISvrAiv18cn3OtIQUhbYOR3gm7QtCpkq1to2takQ==}
    dependencies:
      '@aws-crypto/crc32': 3.0.0
      '@smithy/types': 2.0.2
      '@smithy/util-hex-encoding': 2.0.0
      tslib: 2.6.1
    dev: false

  /@smithy/eventstream-serde-browser/2.0.1:
    resolution: {integrity: sha512-9E1/6ZGF7nB/Td3G1kcatU7VjjP8eZ/p/Q+0KsZc1AUPyv4lR15pmWnWj3iGBEGYI9qZBJ/7a/wPEPayabmA3Q==}
    engines: {node: '>=14.0.0'}
    dependencies:
      '@smithy/eventstream-serde-universal': 2.0.1
      '@smithy/types': 2.0.2
      tslib: 2.6.1
    dev: false

  /@smithy/eventstream-serde-config-resolver/2.0.1:
    resolution: {integrity: sha512-J8a+8HH8oDPIgq8Px/nPLfu9vpIjQ7XUPtP3orbs8KUh0GznNthSTy1xZP5RXjRqGQEkxPvsHf1po2+QOsgNFw==}
    engines: {node: '>=14.0.0'}
    dependencies:
      '@smithy/types': 2.0.2
      tslib: 2.6.1
    dev: false

  /@smithy/eventstream-serde-node/2.0.1:
    resolution: {integrity: sha512-wklowUz0zXJuqC7FMpriz66J8OAko3z6INTg+iMJWYB1bWv4pc5V7q36PxlZ0RKRbj0u+EThlozWgzE7Stz2Sw==}
    engines: {node: '>=14.0.0'}
    dependencies:
      '@smithy/eventstream-serde-universal': 2.0.1
      '@smithy/types': 2.0.2
      tslib: 2.6.1
    dev: false

  /@smithy/eventstream-serde-universal/2.0.1:
    resolution: {integrity: sha512-WPPylIgVZ6wOYVgpF0Rs1LlocYyj248MRtKEEehnDvC+0tV7wmGt7H/SchCh10W4y4YUxuzPlW+mUvVMGmLSVg==}
    engines: {node: '>=14.0.0'}
    dependencies:
      '@smithy/eventstream-codec': 2.0.1
      '@smithy/types': 2.0.2
      tslib: 2.6.1
    dev: false

  /@smithy/fetch-http-handler/2.0.1:
    resolution: {integrity: sha512-/SoU/ClazgcdOxgE4zA7RX8euiELwpsrKCSvulVQvu9zpmqJRyEJn8ZTWYFV17/eHOBdHTs9kqodhNhsNT+cUw==}
    dependencies:
      '@smithy/protocol-http': 2.0.1
      '@smithy/querystring-builder': 2.0.1
      '@smithy/types': 2.0.2
      '@smithy/util-base64': 2.0.0
      tslib: 2.6.1
    dev: false

  /@smithy/hash-node/2.0.1:
    resolution: {integrity: sha512-oTKYimQdF4psX54ZonpcIE+MXjMUWFxLCNosjPkJPFQ9whRX0K/PFX/+JZGRQh3zO9RlEOEUIbhy9NO+Wha6hw==}
    engines: {node: '>=14.0.0'}
    dependencies:
      '@smithy/types': 2.0.2
      '@smithy/util-buffer-from': 2.0.0
      '@smithy/util-utf8': 2.0.0
      tslib: 2.6.1
    dev: false

  /@smithy/invalid-dependency/2.0.1:
    resolution: {integrity: sha512-2q/Eb0AE662zwyMV+z+TL7deBwcHCgaZZGc0RItamBE8kak3MzCi/EZCNoFWoBfxgQ4jfR12wm8KKsSXhJzJtQ==}
    dependencies:
      '@smithy/types': 2.0.2
      tslib: 2.6.1
    dev: false

  /@smithy/is-array-buffer/2.0.0:
    resolution: {integrity: sha512-z3PjFjMyZNI98JFRJi/U0nGoLWMSJlDjAW4QUX2WNZLas5C0CmVV6LJ01JI0k90l7FvpmixjWxPFmENSClQ7ug==}
    engines: {node: '>=14.0.0'}
    dependencies:
      tslib: 2.6.1
    dev: false

  /@smithy/middleware-content-length/2.0.1:
    resolution: {integrity: sha512-IZhRSk5GkVBcrKaqPXddBS2uKhaqwBgaSgbBb1OJyGsKe7SxRFbclWS0LqOR9fKUkDl+3lL8E2ffpo6EQg0igw==}
    engines: {node: '>=14.0.0'}
    dependencies:
      '@smithy/protocol-http': 2.0.1
      '@smithy/types': 2.0.2
      tslib: 2.6.1
    dev: false

  /@smithy/middleware-endpoint/2.0.1:
    resolution: {integrity: sha512-uz/KI1MBd9WHrrkVFZO4L4Wyv24raf0oR4EsOYEeG5jPJO5U+C7MZGLcMxX8gWERDn1sycBDqmGv8fjUMLxT6w==}
    engines: {node: '>=14.0.0'}
    dependencies:
      '@smithy/middleware-serde': 2.0.1
      '@smithy/types': 2.0.2
      '@smithy/url-parser': 2.0.1
      '@smithy/util-middleware': 2.0.0
      tslib: 2.6.1
    dev: false

  /@smithy/middleware-retry/2.0.1:
    resolution: {integrity: sha512-NKHF4i0gjSyjO6C0ZyjEpNqzGgIu7s8HOK6oT/1Jqws2Q1GynR1xV8XTUs1gKXeaNRzbzKQRewHHmfPwZjOtHA==}
    engines: {node: '>=14.0.0'}
    dependencies:
      '@smithy/protocol-http': 2.0.1
      '@smithy/service-error-classification': 2.0.0
      '@smithy/types': 2.0.2
      '@smithy/util-middleware': 2.0.0
      '@smithy/util-retry': 2.0.0
      tslib: 2.6.1
      uuid: 8.3.2
    dev: false

  /@smithy/middleware-serde/2.0.1:
    resolution: {integrity: sha512-uKxPaC6ItH9ZXdpdqNtf8sda7GcU4SPMp0tomq/5lUg9oiMa/Q7+kD35MUrpKaX3IVXVrwEtkjCU9dogZ/RAUA==}
    engines: {node: '>=14.0.0'}
    dependencies:
      '@smithy/types': 2.0.2
      tslib: 2.6.1
    dev: false

  /@smithy/middleware-stack/2.0.0:
    resolution: {integrity: sha512-31XC1xNF65nlbc16yuh3wwTudmqs6qy4EseQUGF8A/p2m/5wdd/cnXJqpniy/XvXVwkHPz/GwV36HqzHtIKATQ==}
    engines: {node: '>=14.0.0'}
    dependencies:
      tslib: 2.6.1
    dev: false

  /@smithy/node-config-provider/2.0.1:
    resolution: {integrity: sha512-Zoel4CPkKRTQ2XxmozZUfqBYqjPKL53/SvTDhJHj+VBSiJy6MXRav1iDCyFPS92t40Uh+Yi+Km5Ch3hQ+c/zSA==}
    engines: {node: '>=14.0.0'}
    dependencies:
      '@smithy/property-provider': 2.0.1
      '@smithy/shared-ini-file-loader': 2.0.1
      '@smithy/types': 2.0.2
      tslib: 2.6.1
    dev: false

  /@smithy/node-http-handler/2.0.1:
    resolution: {integrity: sha512-Zv3fxk3p9tsmPT2CKMsbuwbbxnq2gzLDIulxv+yI6aE+02WPYorObbbe9gh7SW3weadMODL1vTfOoJ9yFypDzg==}
    engines: {node: '>=14.0.0'}
    dependencies:
      '@smithy/abort-controller': 2.0.1
      '@smithy/protocol-http': 2.0.1
      '@smithy/querystring-builder': 2.0.1
      '@smithy/types': 2.0.2
      tslib: 2.6.1
    dev: false

  /@smithy/property-provider/2.0.1:
    resolution: {integrity: sha512-pmJRyY9SF6sutWIktIhe+bUdSQDxv/qZ4mYr3/u+u45riTPN7nmRxPo+e4sjWVoM0caKFjRSlj3tf5teRFy0Vg==}
    engines: {node: '>=14.0.0'}
    dependencies:
      '@smithy/types': 2.0.2
      tslib: 2.6.1
    dev: false

  /@smithy/protocol-http/2.0.1:
    resolution: {integrity: sha512-mrkMAp0wtaDEIkgRObWYxI1Kun1tm6Iu6rK+X4utb6Ah7Uc3Kk4VIWwK/rBHdYGReiLIrxFCB1rq4a2gyZnSgg==}
    engines: {node: '>=14.0.0'}
    dependencies:
      '@smithy/types': 2.0.2
      tslib: 2.6.1
    dev: false

  /@smithy/querystring-builder/2.0.1:
    resolution: {integrity: sha512-bp+93WFzx1FojVEIeFPtG0A1pKsFdCUcZvVdZdRlmNooOUrz9Mm9bneRd8hDwAQ37pxiZkCOxopSXXRQN10mYw==}
    engines: {node: '>=14.0.0'}
    dependencies:
      '@smithy/types': 2.0.2
      '@smithy/util-uri-escape': 2.0.0
      tslib: 2.6.1
    dev: false

  /@smithy/querystring-parser/2.0.1:
    resolution: {integrity: sha512-h+e7k1z+IvI2sSbUBG9Aq46JsgLl4UqIUl6aigAlRBj+P6ocNXpM6Yn1vMBw5ijtXeZbYpd1YvCxwDgdw3jhmg==}
    engines: {node: '>=14.0.0'}
    dependencies:
      '@smithy/types': 2.0.2
      tslib: 2.6.1
    dev: false

  /@smithy/service-error-classification/2.0.0:
    resolution: {integrity: sha512-2z5Nafy1O0cTf69wKyNjGW/sNVMiqDnb4jgwfMG8ye8KnFJ5qmJpDccwIbJNhXIfbsxTg9SEec2oe1cexhMJvw==}
    engines: {node: '>=14.0.0'}
    dev: false

  /@smithy/shared-ini-file-loader/2.0.1:
    resolution: {integrity: sha512-a463YiZrPGvM+F336rIF8pLfQsHAdCRAn/BiI/EWzg5xLoxbC7GSxIgliDDXrOu0z8gT3nhVsif85eU6jyct3A==}
    engines: {node: '>=14.0.0'}
    dependencies:
      '@smithy/types': 2.0.2
      tslib: 2.6.1
    dev: false

  /@smithy/signature-v4/2.0.1:
    resolution: {integrity: sha512-jztv5Mirca42ilxmMDjzLdXcoAmRhZskGafGL49sRo5u7swEZcToEFrq6vtX5YMbSyTVrE9Teog5EFexY5Ff2Q==}
    engines: {node: '>=14.0.0'}
    dependencies:
      '@smithy/eventstream-codec': 2.0.1
      '@smithy/is-array-buffer': 2.0.0
      '@smithy/types': 2.0.2
      '@smithy/util-hex-encoding': 2.0.0
      '@smithy/util-middleware': 2.0.0
      '@smithy/util-uri-escape': 2.0.0
      '@smithy/util-utf8': 2.0.0
      tslib: 2.6.1
    dev: false

  /@smithy/smithy-client/2.0.1:
    resolution: {integrity: sha512-LHC5m6tYpEu1iNbONfvMbwtErboyTZJfEIPoD78Ei5MVr36vZQCaCla5mvo36+q/a2NAk2//fA5Rx3I1Kf7+lQ==}
    engines: {node: '>=14.0.0'}
    dependencies:
      '@smithy/middleware-stack': 2.0.0
      '@smithy/types': 2.0.2
      '@smithy/util-stream': 2.0.1
      tslib: 2.6.1
    dev: false

  /@smithy/types/2.0.2:
    resolution: {integrity: sha512-wcymEjIXQ9+NEfE5Yt5TInAqe1o4n+Nh+rh00AwoazppmUt8tdo6URhc5gkDcOYrcvlDVAZE7uG69nDpEGUKxw==}
    engines: {node: '>=14.0.0'}
    dependencies:
      tslib: 2.6.1
    dev: false

  /@smithy/url-parser/2.0.1:
    resolution: {integrity: sha512-NpHVOAwddo+OyyIoujDL9zGL96piHWrTNXqltWmBvlUoWgt1HPyBuKs6oHjioyFnNZXUqveTOkEEq0U5w6Uv8A==}
    dependencies:
      '@smithy/querystring-parser': 2.0.1
      '@smithy/types': 2.0.2
      tslib: 2.6.1
    dev: false

  /@smithy/util-base64/2.0.0:
    resolution: {integrity: sha512-Zb1E4xx+m5Lud8bbeYi5FkcMJMnn+1WUnJF3qD7rAdXpaL7UjkFQLdmW5fHadoKbdHpwH9vSR8EyTJFHJs++tA==}
    engines: {node: '>=14.0.0'}
    dependencies:
      '@smithy/util-buffer-from': 2.0.0
      tslib: 2.6.1
    dev: false

  /@smithy/util-body-length-browser/2.0.0:
    resolution: {integrity: sha512-JdDuS4ircJt+FDnaQj88TzZY3+njZ6O+D3uakS32f2VNnDo3vyEuNdBOh/oFd8Df1zSZOuH1HEChk2AOYDezZg==}
    dependencies:
      tslib: 2.6.1
    dev: false

  /@smithy/util-body-length-node/2.0.0:
    resolution: {integrity: sha512-ZV7Z/WHTMxHJe/xL/56qZwSUcl63/5aaPAGjkfynJm4poILjdD4GmFI+V+YWabh2WJIjwTKZ5PNsuvPQKt93Mg==}
    engines: {node: '>=14.0.0'}
    dependencies:
      tslib: 2.6.1
    dev: false

  /@smithy/util-buffer-from/2.0.0:
    resolution: {integrity: sha512-/YNnLoHsR+4W4Vf2wL5lGv0ksg8Bmk3GEGxn2vEQt52AQaPSCuaO5PM5VM7lP1K9qHRKHwrPGktqVoAHKWHxzw==}
    engines: {node: '>=14.0.0'}
    dependencies:
      '@smithy/is-array-buffer': 2.0.0
      tslib: 2.6.1
    dev: false

  /@smithy/util-config-provider/2.0.0:
    resolution: {integrity: sha512-xCQ6UapcIWKxXHEU4Mcs2s7LcFQRiU3XEluM2WcCjjBtQkUN71Tb+ydGmJFPxMUrW/GWMgQEEGipLym4XG0jZg==}
    engines: {node: '>=14.0.0'}
    dependencies:
      tslib: 2.6.1
    dev: false

  /@smithy/util-defaults-mode-browser/2.0.1:
    resolution: {integrity: sha512-w72Qwsb+IaEYEFtYICn0Do42eFju78hTaBzzJfT107lFOPdbjWjKnFutV+6GL/nZd5HWXY7ccAKka++C3NrjHw==}
    engines: {node: '>= 10.0.0'}
    dependencies:
      '@smithy/property-provider': 2.0.1
      '@smithy/types': 2.0.2
      bowser: 2.11.0
      tslib: 2.6.1
    dev: false

  /@smithy/util-defaults-mode-node/2.0.1:
    resolution: {integrity: sha512-dNF45caelEBambo0SgkzQ0v76m4YM+aFKZNTtSafy7P5dVF8TbjZuR2UX1A5gJABD9XK6lzN+v/9Yfzj/EDgGg==}
    engines: {node: '>= 10.0.0'}
    dependencies:
      '@smithy/config-resolver': 2.0.1
      '@smithy/credential-provider-imds': 2.0.1
      '@smithy/node-config-provider': 2.0.1
      '@smithy/property-provider': 2.0.1
      '@smithy/types': 2.0.2
      tslib: 2.6.1
    dev: false

  /@smithy/util-hex-encoding/2.0.0:
    resolution: {integrity: sha512-c5xY+NUnFqG6d7HFh1IFfrm3mGl29lC+vF+geHv4ToiuJCBmIfzx6IeHLg+OgRdPFKDXIw6pvi+p3CsscaMcMA==}
    engines: {node: '>=14.0.0'}
    dependencies:
      tslib: 2.6.1
    dev: false

  /@smithy/util-middleware/2.0.0:
    resolution: {integrity: sha512-eCWX4ECuDHn1wuyyDdGdUWnT4OGyIzV0LN1xRttBFMPI9Ff/4heSHVxneyiMtOB//zpXWCha1/SWHJOZstG7kA==}
    engines: {node: '>=14.0.0'}
    dependencies:
      tslib: 2.6.1
    dev: false

  /@smithy/util-retry/2.0.0:
    resolution: {integrity: sha512-/dvJ8afrElasuiiIttRJeoS2sy8YXpksQwiM/TcepqdRVp7u4ejd9C4IQURHNjlfPUT7Y6lCDSa2zQJbdHhVTg==}
    engines: {node: '>= 14.0.0'}
    dependencies:
      '@smithy/service-error-classification': 2.0.0
      tslib: 2.6.1
    dev: false

  /@smithy/util-stream/2.0.1:
    resolution: {integrity: sha512-2a0IOtwIKC46EEo7E7cxDN8u2jwOiYYJqcFKA6rd5rdXqKakHT2Gc+AqHWngr0IEHUfW92zX12wRQKwyoqZf2Q==}
    engines: {node: '>=14.0.0'}
    dependencies:
      '@smithy/fetch-http-handler': 2.0.1
      '@smithy/node-http-handler': 2.0.1
      '@smithy/types': 2.0.2
      '@smithy/util-base64': 2.0.0
      '@smithy/util-buffer-from': 2.0.0
      '@smithy/util-hex-encoding': 2.0.0
      '@smithy/util-utf8': 2.0.0
      tslib: 2.6.1
    dev: false

  /@smithy/util-uri-escape/2.0.0:
    resolution: {integrity: sha512-ebkxsqinSdEooQduuk9CbKcI+wheijxEb3utGXkCoYQkJnwTnLbH1JXGimJtUkQwNQbsbuYwG2+aFVyZf5TLaw==}
    engines: {node: '>=14.0.0'}
    dependencies:
      tslib: 2.6.1
    dev: false

  /@smithy/util-utf8/2.0.0:
    resolution: {integrity: sha512-rctU1VkziY84n5OXe3bPNpKR001ZCME2JCaBBFgtiM2hfKbHFudc/BkMuPab8hRbLd0j3vbnBTTZ1igBf0wgiQ==}
    engines: {node: '>=14.0.0'}
    dependencies:
      '@smithy/util-buffer-from': 2.0.0
      tslib: 2.6.1
    dev: false

  /@smithy/util-waiter/2.0.1:
    resolution: {integrity: sha512-bSyGFicPRYuGFFWAr72UvYI7tE7KmEeFJJ5iaLuTTdo8RGaNBZ2kE25coGtzrejYh9AhwSfckBvbxgEDxIxhlA==}
    engines: {node: '>=14.0.0'}
    dependencies:
      '@smithy/abort-controller': 2.0.1
      '@smithy/types': 2.0.2
      tslib: 2.6.1
    dev: false

  /@tsconfig/node10/1.0.9:
    resolution: {integrity: sha512-jNsYVVxU8v5g43Erja32laIDHXeoNvFEpX33OK4d6hljo3jDhCBDhx5dhCCTMWUojscpAagGiRkBKxpdl9fxqA==}
    dev: true

  /@tsconfig/node12/1.0.11:
    resolution: {integrity: sha512-cqefuRsh12pWyGsIoBKJA9luFu3mRxCA+ORZvA4ktLSzIuCUtWVxGIuXigEwO5/ywWFMZ2QEGKWvkZG1zDMTag==}
    dev: true

  /@tsconfig/node14/1.0.3:
    resolution: {integrity: sha512-ysT8mhdixWK6Hw3i1V2AeRqZ5WfXg1G43mqoYlM2nc6388Fq5jcXyr5mRsqViLx/GJYdoL0bfXD8nmF+Zn/Iow==}
    dev: true

  /@tsconfig/node16/1.0.4:
    resolution: {integrity: sha512-vxhUy4J8lyeyinH7Azl1pdd43GJhZH/tP2weN8TntQblOY+A0XbT8DJk1/oCPuOOyg/Ja757rG0CgHcWC8OfMA==}
    dev: true

  /@types/node/20.4.5:
    resolution: {integrity: sha512-rt40Nk13II9JwQBdeYqmbn2Q6IVTA5uPhvSO+JVqdXw/6/4glI6oR9ezty/A9Hg5u7JH4OmYmuQ+XvjKm0Datg==}
    dev: true

  /acorn-walk/8.2.0:
    resolution: {integrity: sha512-k+iyHEuPgSw6SbuDpGQM+06HQUa04DZ3o+F6CSzXMvvI5KMvnaEqXe+YVe555R9nn6GPt404fos4wcgpw12SDA==}
    engines: {node: '>=0.4.0'}
    dev: true

  /acorn/8.10.0:
    resolution: {integrity: sha512-F0SAmZ8iUtS//m8DmCTA0jlh6TDKkHQyK6xc6V4KDTyZKA9dnvX9/3sRTVQrWm79glUAZbnmmNcdYwUIHWVybw==}
    engines: {node: '>=0.4.0'}
    hasBin: true
    dev: true

  /arg/4.1.3:
    resolution: {integrity: sha512-58S9QDqG0Xx27YwPSt9fJxivjYl432YCwfDMfZ+71RAqUrZef7LrKQZ3LHLOwCS4FLNBplP533Zx895SeOCHvA==}
    dev: true

  /aws-cdk-lib/2.89.0_constructs@10.2.69:
    resolution: {integrity: sha512-UgyiS/u9d27MsL3M8Hz9yvi5AiJUQUGvqfQw6qDXrnyGMIC4gsNTc00VUT+LCXgtqQM/wF1jDUrODxkWglAiAw==}
    engines: {node: '>= 14.15.0'}
    peerDependencies:
      constructs: ^10.0.0
    dependencies:
      '@aws-cdk/asset-awscli-v1': 2.2.200
      '@aws-cdk/asset-kubectl-v20': 2.1.2
      '@aws-cdk/asset-node-proxy-agent-v5': 2.0.166
      constructs: 10.2.69
    dev: true
    bundledDependencies:
      - '@balena/dockerignore'
      - case
      - fs-extra
      - ignore
      - jsonschema
      - minimatch
      - punycode
      - semver
      - table
      - yaml

  /aws-cdk/2.89.0:
    resolution: {integrity: sha512-4FF/5jNd86x9iSk/xQB1KRFWkhMWd/Z7x7tOwztgZYDj6aYR/3Xru7pb2BD6s6Oli/eeQaXTG11+eY9zdrJIQA==}
    engines: {node: '>= 14.15.0'}
    hasBin: true
    optionalDependencies:
      fsevents: 2.3.2
    dev: true

  /bowser/2.11.0:
    resolution: {integrity: sha512-AlcaJBi/pqqJBIQ8U9Mcpc9i8Aqxn88Skv5d+xBX006BY5u8N3mGLHa5Lgppa7L/HfwgwLgZ6NYs+Ag6uUmJRA==}
    dev: false

  /buffer-from/1.1.2:
    resolution: {integrity: sha512-E+XQCRwSbaaiChtv6k6Dwgc+bx+Bs6vuKJHHl5kox/BaKbhiXzqQOwK4cO22yElGp2OCmjwVhT3HmxgyPGnJfQ==}
    dev: false

  /constructs/10.2.69:
    resolution: {integrity: sha512-0AiM/uQe5Uk6JVe/62oolmSN2MjbFQkOlYrM3fFGZLKuT+g7xlAI10EebFhyCcZwI2JAcWuWCmmCAyCothxjuw==}
    engines: {node: '>= 16.14.0'}
    dev: true

  /create-require/1.1.1:
    resolution: {integrity: sha512-dcKFX3jn0MpIaXjisoRvexIJVEKzaq7z2rZKxf+MSr9TkdmHmsU4m2lcLojrj/FHl8mk5VxMmYA+ftRkP/3oKQ==}
    dev: true

  /diff/4.0.2:
    resolution: {integrity: sha512-58lmxKSA4BNyLz+HHMUzlOEpg09FV+ev6ZMe3vJihgdxzgcwZ8VoEEPmALCZG9LmqfVoNMMKpttIYTVG6uDY7A==}
    engines: {node: '>=0.3.1'}
    dev: true

  /esbuild/0.18.17:
    resolution: {integrity: sha512-1GJtYnUxsJreHYA0Y+iQz2UEykonY66HNWOb0yXYZi9/kNrORUEHVg87eQsCtqh59PEJ5YVZJO98JHznMJSWjg==}
    engines: {node: '>=12'}
    requiresBuild: true
    optionalDependencies:
      '@esbuild/android-arm': 0.18.17
      '@esbuild/android-arm64': 0.18.17
      '@esbuild/android-x64': 0.18.17
      '@esbuild/darwin-arm64': 0.18.17
      '@esbuild/darwin-x64': 0.18.17
      '@esbuild/freebsd-arm64': 0.18.17
      '@esbuild/freebsd-x64': 0.18.17
      '@esbuild/linux-arm': 0.18.17
      '@esbuild/linux-arm64': 0.18.17
      '@esbuild/linux-ia32': 0.18.17
      '@esbuild/linux-loong64': 0.18.17
      '@esbuild/linux-mips64el': 0.18.17
      '@esbuild/linux-ppc64': 0.18.17
      '@esbuild/linux-riscv64': 0.18.17
      '@esbuild/linux-s390x': 0.18.17
      '@esbuild/linux-x64': 0.18.17
      '@esbuild/netbsd-x64': 0.18.17
      '@esbuild/openbsd-x64': 0.18.17
      '@esbuild/sunos-x64': 0.18.17
      '@esbuild/win32-arm64': 0.18.17
      '@esbuild/win32-ia32': 0.18.17
      '@esbuild/win32-x64': 0.18.17
    dev: true

  /fast-xml-parser/4.2.5:
    resolution: {integrity: sha512-B9/wizE4WngqQftFPmdaMYlXoJlJOYxGQOanC77fq9k8+Z0v5dDSVh+3glErdIROP//s/jgb7ZuxKfB8nVyo0g==}
    hasBin: true
    dependencies:
      strnum: 1.0.5
    dev: false

  /fsevents/2.3.2:
    resolution: {integrity: sha512-xiqMQR4xAeHTuB9uWm+fFRcIOgKBMiOBP+eXiyT7jsgVCq1bkVygt00oASowB7EdtpOHaaPgKt812P9ab+DDKA==}
    engines: {node: ^8.16.0 || ^10.6.0 || >=11.0.0}
    os: [darwin]
    requiresBuild: true
    dev: true
    optional: true

  /make-error/1.3.6:
    resolution: {integrity: sha512-s8UhlNe7vPKomQhC1qFelMokr/Sc3AgNbso3n74mVPA5LTZwkB9NlXf4XPamLxJE8h0gh73rM94xvwRT2CVInw==}
    dev: true

  /source-map-support/0.5.21:
    resolution: {integrity: sha512-uBHU3L3czsIyYXKX88fdrGovxdSCoTGDRZ6SYXtSRxLZUzHg5P/66Ht6uoUlHu9EZod+inXhKo3qQgwXUT/y1w==}
    dependencies:
      buffer-from: 1.1.2
      source-map: 0.6.1
    dev: false

  /source-map/0.6.1:
    resolution: {integrity: sha512-UjgapumWlbMhkBgzT7Ykc5YXUT46F0iKu8SGXq0bcwP5dz/h0Plj6enJqjz1Zbq2l5WaqYnrVbwWOWMyF3F47g==}
    engines: {node: '>=0.10.0'}
    dev: false

  /strnum/1.0.5:
    resolution: {integrity: sha512-J8bbNyKKXl5qYcR36TIO8W3mVGVHrmmxsd5PAItGkmyzwJvybiw2IVq5nqd0i4LSNSkB/sx9VHllbfFdr9k1JA==}
    dev: false

  /ts-node/10.9.1_bir6x3g64ycygfv3l4v3letmxi:
    resolution: {integrity: sha512-NtVysVPkxxrwFGUUxGYhfux8k78pQB3JqYBXlLRZgdGUqTO5wU/UyHop5p70iEbGhB7q5KmiZiU0Y3KlJrScEw==}
    hasBin: true
    peerDependencies:
      '@swc/core': '>=1.2.50'
      '@swc/wasm': '>=1.2.50'
      '@types/node': '*'
      typescript: '>=2.7'
    peerDependenciesMeta:
      '@swc/core':
        optional: true
      '@swc/wasm':
        optional: true
    dependencies:
      '@cspotcode/source-map-support': 0.8.1
      '@tsconfig/node10': 1.0.9
      '@tsconfig/node12': 1.0.11
      '@tsconfig/node14': 1.0.3
      '@tsconfig/node16': 1.0.4
      '@types/node': 20.4.5
      acorn: 8.10.0
      acorn-walk: 8.2.0
      arg: 4.1.3
      create-require: 1.1.1
      diff: 4.0.2
      make-error: 1.3.6
      typescript: 5.1.6
      v8-compile-cache-lib: 3.0.1
      yn: 3.1.1
    dev: true

  /tslib/1.14.1:
    resolution: {integrity: sha512-Xni35NKzjgMrwevysHTCArtLDpPvye8zV/0E4EyYn43P7/7qvQwPh9BGkHewbMulVntbigmcT7rdX3BNo9wRJg==}
    dev: false

  /tslib/2.6.1:
    resolution: {integrity: sha512-t0hLfiEKfMUoqhG+U1oid7Pva4bbDPHYfJNiB7BiIjRkj1pyC++4N3huJfqY6aRH6VTB0rvtzQwjM4K6qpfOig==}
    dev: false

  /typescript/5.1.6:
    resolution: {integrity: sha512-zaWCozRZ6DLEWAWFrVDz1H6FVXzUSfTy5FUMWsQlU8Ym5JP9eO4xkTIROFCQvhQf61z6O/G6ugw3SgAnvvm+HA==}
    engines: {node: '>=14.17'}
    dev: true

  /uuid/8.3.2:
    resolution: {integrity: sha512-+NYs2QeMWy+GWFOEm9xnn6HCDp0l7QBD7ml8zLUmJ+93Q5NF0NocErnwkTkXVFNiX3/fpC6afS8Dhb/gz7R7eg==}
    hasBin: true
    dev: false

  /v8-compile-cache-lib/3.0.1:
    resolution: {integrity: sha512-wa7YjyUGfNZngI/vtK0UHAN+lgDCxBPCylVXGp0zu59Fz5aiGtNXaq3DhIov063MorB+VfufLh3JlF2KdTK3xg==}
    dev: true

  /yn/3.1.1:
    resolution: {integrity: sha512-Ux4ygGWsu2c7isFWe8Yu1YluJmqVhxqK2cLXNQA5AcC3QfbGNpM7fu0Y8b/z16pXLnFxZYvWhd3fhBY9DLmC6Q==}
    engines: {node: '>=6'}
    dev: true
